// !$*UTF8*$!
{
	archiveVersion = 1;
	classes = {
	};
	objectVersion = 46;
	objects = {

/* Begin PBXBuildFile section */
		080F47581F644E65000DB892 /* AppDelegate.swift in Sources */ = {isa = PBXBuildFile; fileRef = 080F47571F644E65000DB892 /* AppDelegate.swift */; };
		080F475A1F644E65000DB892 /* ViewController.swift in Sources */ = {isa = PBXBuildFile; fileRef = 080F47591F644E65000DB892 /* ViewController.swift */; };
		080F475D1F644E65000DB892 /* Main.storyboard in Resources */ = {isa = PBXBuildFile; fileRef = 080F475B1F644E65000DB892 /* Main.storyboard */; };
		080F475F1F644E65000DB892 /* Assets.xcassets in Resources */ = {isa = PBXBuildFile; fileRef = 080F475E1F644E65000DB892 /* Assets.xcassets */; };
		080F47621F644E65000DB892 /* LaunchScreen.storyboard in Resources */ = {isa = PBXBuildFile; fileRef = 080F47601F644E65000DB892 /* LaunchScreen.storyboard */; };
/* End PBXBuildFile section */

/* Begin PBXFileReference section */
		080F47541F644E65000DB892 /* UserDefaults_InterfaceBuilder.app */ = {isa = PBXFileReference; explicitFileType = wrapper.application; includeInIndex = 0; path = UserDefaults_InterfaceBuilder.app; sourceTree = BUILT_PRODUCTS_DIR; };
		080F47571F644E65000DB892 /* AppDelegate.swift */ = {isa = PBXFileReference; lastKnownFileType = sourcecode.swift; path = AppDelegate.swift; sourceTree = "<group>"; };
		080F47591F644E65000DB892 /* ViewController.swift */ = {isa = PBXFileReference; lastKnownFileType = sourcecode.swift; path = ViewController.swift; sourceTree = "<group>"; };
		080F475C1F644E65000DB892 /* Base */ = {isa = PBXFileReference; lastKnownFileType = file.storyboard; name = Base; path = Base.lproj/Main.storyboard; sourceTree = "<group>"; };
		080F475E1F644E65000DB892 /* Assets.xcassets */ = {isa = PBXFileReference; lastKnownFileType = folder.assetcatalog; path = Assets.xcassets; sourceTree = "<group>"; };
		080F47611F644E65000DB892 /* Base */ = {isa = PBXFileReference; lastKnownFileType = file.storyboard; name = Base; path = Base.lproj/LaunchScreen.storyboard; sourceTree = "<group>"; };
		080F47631F644E65000DB892 /* Info.plist */ = {isa = PBXFileReference; lastKnownFileType = text.plist.xml; path = Info.plist; sourceTree = "<group>"; };
/* End PBXFileReference section */

/* Begin PBXFrameworksBuildPhase section */
		080F47511F644E65000DB892 /* Frameworks */ = {
			isa = PBXFrameworksBuildPhase;
			buildActionMask = 2147483647;
			files = (
			);
			runOnlyForDeploymentPostprocessing = 0;
		};
/* End PBXFrameworksBuildPhase section */

/* Begin PBXGroup section */
		080F474B1F644E65000DB892 = {
			isa = PBXGroup;
			children = (
				080F47561F644E65000DB892 /* UserDefaults_InterfaceBuilder */,
				080F47551F644E65000DB892 /* Products */,
			);
			sourceTree = "<group>";
		};
		080F47551F644E65000DB892 /* Products */ = {
			isa = PBXGroup;
			children = (
				080F47541F644E65000DB892 /* UserDefaults_InterfaceBuilder.app */,
			);
			name = Products;
			sourceTree = "<group>";
		};
		080F47561F644E65000DB892 /* UserDefaults_InterfaceBuilder */ = {
			isa = PBXGroup;
			children = (
				080F47571F644E65000DB892 /* AppDelegate.swift */,
				080F47591F644E65000DB892 /* ViewController.swift */,
				080F475B1F644E65000DB892 /* Main.storyboard */,
				080F475E1F644E65000DB892 /* Assets.xcassets */,
				080F47601F644E65000DB892 /* LaunchScreen.storyboard */,
				080F47631F644E65000DB892 /* Info.plist */,
			);
			path = UserDefaults_InterfaceBuilder;
			sourceTree = "<group>";
		};
/* End PBXGroup section */

/* Begin PBXNativeTarget section */
		080F47531F644E65000DB892 /* UserDefaults_InterfaceBuilder */ = {
			isa = PBXNativeTarget;
			buildConfigurationList = 080F47661F644E65000DB892 /* Build configuration list for PBXNativeTarget "UserDefaults_InterfaceBuilder" */;
			buildPhases = (
				080F47501F644E65000DB892 /* Sources */,
				080F47511F644E65000DB892 /* Frameworks */,
				080F47521F644E65000DB892 /* Resources */,
			);
			buildRules = (
			);
			dependencies = (
			);
			name = UserDefaults_InterfaceBuilder;
			productName = UserDefaults_InterfaceBuilder;
			productReference = 080F47541F644E65000DB892 /* UserDefaults_InterfaceBuilder.app */;
			productType = "com.apple.product-type.application";
		};
/* End PBXNativeTarget section */

/* Begin PBXProject section */
		080F474C1F644E65000DB892 /* Project object */ = {
			isa = PBXProject;
			attributes = {
				LastSwiftUpdateCheck = 0830;
				LastUpgradeCheck = 0830;
				ORGANIZATIONNAME = "Beat Rupp";
				TargetAttributes = {
					080F47531F644E65000DB892 = {
						CreatedOnToolsVersion = 8.3.3;
						DevelopmentTeam = M9L3SZ4ZVY;
						ProvisioningStyle = Automatic;
					};
				};
			};
			buildConfigurationList = 080F474F1F644E65000DB892 /* Build configuration list for PBXProject "UserDefaults_InterfaceBuilder" */;
			compatibilityVersion = "Xcode 3.2";
			developmentRegion = English;
			hasScannedForEncodings = 0;
			knownRegions = (
				en,
				Base,
			);
			mainGroup = 080F474B1F644E65000DB892;
			productRefGroup = 080F47551F644E65000DB892 /* Products */;
			projectDirPath = "";
			projectRoot = "";
			targets = (
				080F47531F644E65000DB892 /* UserDefaults_InterfaceBuilder */,
			);
		};
/* End PBXProject section */

/* Begin PBXResourcesBuildPhase section */
		080F47521F644E65000DB892 /* Resources */ = {
			isa = PBXResourcesBuildPhase;
			buildActionMask = 2147483647;
			files = (
				080F47621F644E65000DB892 /* LaunchScreen.storyboard in Resources */,
				080F475F1F644E65000DB892 /* Assets.xcassets in Resources */,
				080F475D1F644E65000DB892 /* Main.storyboard in Resources */,
			);
			runOnlyForDeploymentPostprocessing = 0;
		};
/* End PBXResourcesBuildPhase section */

/* Begin PBXSourcesBuildPhase section */
		080F47501F644E65000DB892 /* Sources */ = {
			isa = PBXSourcesBuildPhase;
			buildActionMask = 2147483647;
			files = (
				080F475A1F644E65000DB892 /* ViewController.swift in Sources */,
				080F47581F644E65000DB892 /* AppDelegate.swift in Sources */,
			);
			runOnlyForDeploymentPostprocessing = 0;
		};
/* End PBXSourcesBuildPhase section */

/* Begin PBXVariantGroup section */
		080F475B1F644E65000DB892 /* Main.storyboard */ = {
			isa = PBXVariantGroup;
			children = (
				080F475C1F644E65000DB892 /* Base */,
			);
			name = Main.storyboard;
			sourceTree = "<group>";
		};
		080F47601F644E65000DB892 /* LaunchScreen.storyboard */ = {
			isa = PBXVariantGroup;
			children = (
				080F47611F644E65000DB892 /* Base */,
			);
			name = LaunchScreen.storyboard;
			sourceTree = "<group>";
		};
/* End PBXVariantGroup section */

/* Begin XCBuildConfiguration section */
		080F47641F644E65000DB892 /* Debug */ = {
			isa = XCBuildConfiguration;
			buildSettings = {
				ALWAYS_SEARCH_USER_PATHS = NO;
				CLANG_ANALYZER_NONNULL = YES;
				CLANG_ANALYZER_NUMBER_OBJECT_CONVERSION = YES_AGGRESSIVE;
				CLANG_CXX_LANGUAGE_STANDARD = "gnu++0x";
				CLANG_CXX_LIBRARY = "libc++";
				CLANG_ENABLE_MODULES = YES;
				CLANG_ENABLE_OBJC_ARC = YES;
				CLANG_WARN_BOOL_CONVERSION = YES;
				CLANG_WARN_CONSTANT_CONVERSION = YES;
				CLANG_WARN_DIRECT_OBJC_ISA_USAGE = YES_ERROR;
				CLANG_WARN_DOCUMENTATION_COMMENTS = YES;
				CLANG_WARN_EMPTY_BODY = YES;
				CLANG_WARN_ENUM_CONVERSION = YES;
				CLANG_WARN_INFINITE_RECURSION = YES;
				CLANG_WARN_INT_CONVERSION = YES;
				CLANG_WARN_OBJC_ROOT_CLASS = YES_ERROR;
				CLANG_WARN_SUSPICIOUS_MOVE = YES;
				CLANG_WARN_UNREACHABLE_CODE = YES;
				CLANG_WARN__DUPLICATE_METHOD_MATCH = YES;
				"CODE_SIGN_IDENTITY[sdk=iphoneos*]" = "iPhone Developer";
				COPY_PHASE_STRIP = NO;
				DEBUG_INFORMATION_FORMAT = dwarf;
				ENABLE_STRICT_OBJC_MSGSEND = YES;
				ENABLE_TESTABILITY = YES;
				GCC_C_LANGUAGE_STANDARD = gnu99;
				GCC_DYNAMIC_NO_PIC = NO;
				GCC_NO_COMMON_BLOCKS = YES;
				GCC_OPTIMIZATION_LEVEL = 0;
				GCC_PREPROCESSOR_DEFINITIONS = (
					"DEBUG=1",
					"$(inherited)",
				);
				GCC_WARN_64_TO_32_BIT_CONVERSION = YES;
				GCC_WARN_ABOUT_RETURN_TYPE = YES_ERROR;
				GCC_WARN_UNDECLARED_SELECTOR = YES;
				GCC_WARN_UNINITIALIZED_AUTOS = YES_AGGRESSIVE;
				GCC_WARN_UNUSED_FUNCTION = YES;
				GCC_WARN_UNUSED_VARIABLE = YES;
				IPHONEOS_DEPLOYMENT_TARGET = 10.3;
				MTL_ENABLE_DEBUG_INFO = YES;
				ONLY_ACTIVE_ARCH = YES;
				SDKROOT = iphoneos;
				SWIFT_ACTIVE_COMPILATION_CONDITIONS = DEBUG;
				SWIFT_OPTIMIZATION_LEVEL = "-Onone";
			};
			name = Debug;
		};
		080F47651F644E65000DB892 /* Release */ = {
			isa = XCBuildConfiguration;
			buildSettings = {
				ALWAYS_SEARCH_USER_PATHS = NO;
				CLANG_ANALYZER_NONNULL = YES;
				CLANG_ANALYZER_NUMBER_OBJECT_CONVERSION = YES_AGGRESSIVE;
				CLANG_CXX_LANGUAGE_STANDARD = "gnu++0x";
				CLANG_CXX_LIBRARY = "libc++";
				CLANG_ENABLE_MODULES = YES;
				CLANG_ENABLE_OBJC_ARC = YES;
				CLANG_WARN_BOOL_CONVERSION = YES;
				CLANG_WARN_CONSTANT_CONVERSION = YES;
				CLANG_WARN_DIRECT_OBJC_ISA_USAGE = YES_ERROR;
				CLANG_WARN_DOCUMENTATION_COMMENTS = YES;
				CLANG_WARN_EMPTY_BODY = YES;
				CLANG_WARN_ENUM_CONVERSION = YES;
				CLANG_WARN_INFINITE_RECURSION = YES;
				CLANG_WARN_INT_CONVERSION = YES;
				CLANG_WARN_OBJC_ROOT_CLASS = YES_ERROR;
				CLANG_WARN_SUSPICIOUS_MOVE = YES;
				CLANG_WARN_UNREACHABLE_CODE = YES;
				CLANG_WARN__DUPLICATE_METHOD_MATCH = YES;
				"CODE_SIGN_IDENTITY[sdk=iphoneos*]" = "iPhone Developer";
				COPY_PHASE_STRIP = NO;
				DEBUG_INFORMATION_FORMAT = "dwarf-with-dsym";
				ENABLE_NS_ASSERTIONS = NO;
				ENABLE_STRICT_OBJC_MSGSEND = YES;
				GCC_C_LANGUAGE_STANDARD = gnu99;
				GCC_NO_COMMON_BLOCKS = YES;
				GCC_WARN_64_TO_32_BIT_CONVERSION = YES;
				GCC_WARN_ABOUT_RETURN_TYPE = YES_ERROR;
				GCC_WARN_UNDECLARED_SELECTOR = YES;
				GCC_WARN_UNINITIALIZED_AUTOS = YES_AGGRESSIVE;
				GCC_WARN_UNUSED_FUNCTION = YES;
				GCC_WARN_UNUSED_VARIABLE = YES;
				IPHONEOS_DEPLOYMENT_TARGET = 10.3;
				MTL_ENABLE_DEBUG_INFO = NO;
				SDKROOT = iphoneos;
				SWIFT_OPTIMIZATION_LEVEL = "-Owholemodule";
				VALIDATE_PRODUCT = YES;
			};
			name = Release;
		};
		080F47671F644E65000DB892 /* Debug */ = {
			isa = XCBuildConfiguration;
			buildSettings = {
				ASSETCATALOG_COMPILER_APPICON_NAME = AppIcon;
				DEVELOPMENT_TEAM = M9L3SZ4ZVY;
				INFOPLIST_FILE = UserDefaults_InterfaceBuilder/Info.plist;
				LD_RUNPATH_SEARCH_PATHS = "$(inherited) @executable_path/Frameworks";
				PRODUCT_BUNDLE_IDENTIFIER = "org.dyndns.fritzli.UserDefaults-InterfaceBuilder";
				PRODUCT_NAME = "$(TARGET_NAME)";
				SWIFT_VERSION = 3.0;
			};
			name = Debug;
		};
		080F47681F644E65000DB892 /* Release */ = {
			isa = XCBuildConfiguration;
			buildSettings = {
				ASSETCATALOG_COMPILER_APPICON_NAME = AppIcon;
				DEVELOPMENT_TEAM = M9L3SZ4ZVY;
				INFOPLIST_FILE = UserDefaults_InterfaceBuilder/Info.plist;
				LD_RUNPATH_SEARCH_PATHS = "$(inherited) @executable_path/Frameworks";
				PRODUCT_BUNDLE_IDENTIFIER = "org.dyndns.fritzli.UserDefaults-InterfaceBuilder";
				PRODUCT_NAME = "$(TARGET_NAME)";
				SWIFT_VERSION = 3.0;
			};
			name = Release;
		};
/* End XCBuildConfiguration section */

/* Begin XCConfigurationList section */
		080F474F1F644E65000DB892 /* Build configuration list for PBXProject "UserDefaults_InterfaceBuilder" */ = {
			isa = XCConfigurationList;
			buildConfigurations = (
				080F47641F644E65000DB892 /* Debug */,
				080F47651F644E65000DB892 /* Release */,
			);
			defaultConfigurationIsVisible = 0;
			defaultConfigurationName = Release;
		};
		080F47661F644E65000DB892 /* Build configuration list for PBXNativeTarget "UserDefaults_InterfaceBuilder" */ = {
			isa = XCConfigurationList;
			buildConfigurations = (
				080F47671F644E65000DB892 /* Debug */,
				080F47681F644E65000DB892 /* Release */,
			);
			defaultConfigurationIsVisible = 0;
		};
/* End XCConfigurationList section */
	};
	rootObject = 080F474C1F644E65000DB892 /* Project object */;
}
