// !$*UTF8*$!
{
	archiveVersion = 1;
	classes = {
	};
	objectVersion = 48;
	objects = {

/* Begin PBXBuildFile section */
		08A8346A1F71A32000899D23 /* AppDelegate.swift in Sources */ = {isa = PBXBuildFile; fileRef = 08A834691F71A32000899D23 /* AppDelegate.swift */; };
		08A8346C1F71A32000899D23 /* ViewController.swift in Sources */ = {isa = PBXBuildFile; fileRef = 08A8346B1F71A32000899D23 /* ViewController.swift */; };
		08A8346F1F71A32000899D23 /* Main.storyboard in Resources */ = {isa = PBXBuildFile; fileRef = 08A8346D1F71A32000899D23 /* Main.storyboard */; };
		08A834711F71A32000899D23 /* Assets.xcassets in Resources */ = {isa = PBXBuildFile; fileRef = 08A834701F71A32000899D23 /* Assets.xcassets */; };
		08A834741F71A32000899D23 /* LaunchScreen.storyboard in Resources */ = {isa = PBXBuildFile; fileRef = 08A834721F71A32000899D23 /* LaunchScreen.storyboard */; };
		08E34A5D1F7C379C002357A3 /* Podfile in Resources */ = {isa = PBXBuildFile; fileRef = 08E34A5C1F7C379C002357A3 /* Podfile */; };
		ABACE88AC103F7EA912C036E /* Pods_Cocoapods.framework in Frameworks */ = {isa = PBXBuildFile; fileRef = D58C762399370AB287F46DA1 /* Pods_Cocoapods.framework */; };
/* End PBXBuildFile section */

/* Begin PBXFileReference section */
		08A834661F71A31F00899D23 /* Cocoapods.app */ = {isa = PBXFileReference; explicitFileType = wrapper.application; includeInIndex = 0; path = Cocoapods.app; sourceTree = BUILT_PRODUCTS_DIR; };
		08A834691F71A32000899D23 /* AppDelegate.swift */ = {isa = PBXFileReference; lastKnownFileType = sourcecode.swift; path = AppDelegate.swift; sourceTree = "<group>"; };
		08A8346B1F71A32000899D23 /* ViewController.swift */ = {isa = PBXFileReference; lastKnownFileType = sourcecode.swift; path = ViewController.swift; sourceTree = "<group>"; };
		08A8346E1F71A32000899D23 /* Base */ = {isa = PBXFileReference; lastKnownFileType = file.storyboard; name = Base; path = Base.lproj/Main.storyboard; sourceTree = "<group>"; };
		08A834701F71A32000899D23 /* Assets.xcassets */ = {isa = PBXFileReference; lastKnownFileType = folder.assetcatalog; path = Assets.xcassets; sourceTree = "<group>"; };
		08A834731F71A32000899D23 /* Base */ = {isa = PBXFileReference; lastKnownFileType = file.storyboard; name = Base; path = Base.lproj/LaunchScreen.storyboard; sourceTree = "<group>"; };
		08A834751F71A32000899D23 /* Info.plist */ = {isa = PBXFileReference; lastKnownFileType = text.plist.xml; path = Info.plist; sourceTree = "<group>"; };
		08E34A5C1F7C379C002357A3 /* Podfile */ = {isa = PBXFileReference; fileEncoding = 4; lastKnownFileType = text; path = Podfile; sourceTree = "<group>"; };
		4925C68755094145CE4AEB7B /* Pods-Cocoapods.debug.xcconfig */ = {isa = PBXFileReference; includeInIndex = 1; lastKnownFileType = text.xcconfig; name = "Pods-Cocoapods.debug.xcconfig"; path = "Pods/Target Support Files/Pods-Cocoapods/Pods-Cocoapods.debug.xcconfig"; sourceTree = "<group>"; };
		5118D2774D67CC9432C8AF2C /* Pods-Cocoapods.release.xcconfig */ = {isa = PBXFileReference; includeInIndex = 1; lastKnownFileType = text.xcconfig; name = "Pods-Cocoapods.release.xcconfig"; path = "Pods/Target Support Files/Pods-Cocoapods/Pods-Cocoapods.release.xcconfig"; sourceTree = "<group>"; };
		D58C762399370AB287F46DA1 /* Pods_Cocoapods.framework */ = {isa = PBXFileReference; explicitFileType = wrapper.framework; includeInIndex = 0; path = Pods_Cocoapods.framework; sourceTree = BUILT_PRODUCTS_DIR; };
/* End PBXFileReference section */

/* Begin PBXFrameworksBuildPhase section */
		08A834631F71A31F00899D23 /* Frameworks */ = {
			isa = PBXFrameworksBuildPhase;
			buildActionMask = 2147483647;
			files = (
				ABACE88AC103F7EA912C036E /* Pods_Cocoapods.framework in Frameworks */,
			);
			runOnlyForDeploymentPostprocessing = 0;
		};
/* End PBXFrameworksBuildPhase section */

/* Begin PBXGroup section */
		08A8345D1F71A31F00899D23 = {
			isa = PBXGroup;
			children = (
				08E34A5C1F7C379C002357A3 /* Podfile */,
				08A834681F71A32000899D23 /* Cocoapods */,
				08A834671F71A31F00899D23 /* Products */,
				6806EC6787C5ED998311C424 /* Pods */,
				D792D24E78721E163EC6D104 /* Frameworks */,
			);
			sourceTree = "<group>";
		};
		08A834671F71A31F00899D23 /* Products */ = {
			isa = PBXGroup;
			children = (
				08A834661F71A31F00899D23 /* Cocoapods.app */,
			);
			name = Products;
			sourceTree = "<group>";
		};
		08A834681F71A32000899D23 /* Cocoapods */ = {
			isa = PBXGroup;
			children = (
				08A834691F71A32000899D23 /* AppDelegate.swift */,
				08A8346B1F71A32000899D23 /* ViewController.swift */,
				08A8346D1F71A32000899D23 /* Main.storyboard */,
				08A834701F71A32000899D23 /* Assets.xcassets */,
				08A834721F71A32000899D23 /* LaunchScreen.storyboard */,
				08A834751F71A32000899D23 /* Info.plist */,
			);
			path = Cocoapods;
			sourceTree = "<group>";
		};
		6806EC6787C5ED998311C424 /* Pods */ = {
			isa = PBXGroup;
			children = (
				4925C68755094145CE4AEB7B /* Pods-Cocoapods.debug.xcconfig */,
				5118D2774D67CC9432C8AF2C /* Pods-Cocoapods.release.xcconfig */,
			);
			name = Pods;
			sourceTree = "<group>";
		};
		D792D24E78721E163EC6D104 /* Frameworks */ = {
			isa = PBXGroup;
			children = (
				D58C762399370AB287F46DA1 /* Pods_Cocoapods.framework */,
			);
			name = Frameworks;
			sourceTree = "<group>";
		};
/* End PBXGroup section */

/* Begin PBXNativeTarget section */
		08A834651F71A31F00899D23 /* Cocoapods */ = {
			isa = PBXNativeTarget;
			buildConfigurationList = 08A834781F71A32000899D23 /* Build configuration list for PBXNativeTarget "Cocoapods" */;
			buildPhases = (
				384E5343E06B5D62EC8D91AD /* [CP] Check Pods Manifest.lock */,
				08A834621F71A31F00899D23 /* Sources */,
				08A834631F71A31F00899D23 /* Frameworks */,
				08A834641F71A31F00899D23 /* Resources */,
				2C8151E21587BABC7BA58F81 /* [CP] Embed Pods Frameworks */,
				979CD6EEEAE6B1E58A69D34D /* [CP] Copy Pods Resources */,
			);
			buildRules = (
			);
			dependencies = (
			);
			name = Cocoapods;
			productName = Cocoapods;
			productReference = 08A834661F71A31F00899D23 /* Cocoapods.app */;
			productType = "com.apple.product-type.application";
		};
/* End PBXNativeTarget section */

/* Begin PBXProject section */
		08A8345E1F71A31F00899D23 /* Project object */ = {
			isa = PBXProject;
			attributes = {
				LastSwiftUpdateCheck = 0900;
				LastUpgradeCheck = 0900;
				ORGANIZATIONNAME = "Beat Rupp";
				TargetAttributes = {
					08A834651F71A31F00899D23 = {
						CreatedOnToolsVersion = 9.0;
						ProvisioningStyle = Automatic;
					};
				};
			};
			buildConfigurationList = 08A834611F71A31F00899D23 /* Build configuration list for PBXProject "Cocoapods" */;
			compatibilityVersion = "Xcode 8.0";
			developmentRegion = en;
			hasScannedForEncodings = 0;
			knownRegions = (
				en,
				Base,
			);
			mainGroup = 08A8345D1F71A31F00899D23;
			productRefGroup = 08A834671F71A31F00899D23 /* Products */;
			projectDirPath = "";
			projectRoot = "";
			targets = (
				08A834651F71A31F00899D23 /* Cocoapods */,
			);
		};
/* End PBXProject section */

/* Begin PBXResourcesBuildPhase section */
		08A834641F71A31F00899D23 /* Resources */ = {
			isa = PBXResourcesBuildPhase;
			buildActionMask = 2147483647;
			files = (
				08A834741F71A32000899D23 /* LaunchScreen.storyboard in Resources */,
				08A834711F71A32000899D23 /* Assets.xcassets in Resources */,
				08E34A5D1F7C379C002357A3 /* Podfile in Resources */,
				08A8346F1F71A32000899D23 /* Main.storyboard in Resources */,
			);
			runOnlyForDeploymentPostprocessing = 0;
		};
/* End PBXResourcesBuildPhase section */

/* Begin PBXShellScriptBuildPhase section */
		2C8151E21587BABC7BA58F81 /* [CP] Embed Pods Frameworks */ = {
			isa = PBXShellScriptBuildPhase;
			buildActionMask = 2147483647;
			files = (
			);
			inputPaths = (
				"${SRCROOT}/Pods/Target Support Files/Pods-Cocoapods/Pods-Cocoapods-frameworks.sh",
				"${BUILT_PRODUCTS_DIR}/TSMiniWebBrowser/TSMiniWebBrowser.framework",
			);
			name = "[CP] Embed Pods Frameworks";
			outputPaths = (
				"${TARGET_BUILD_DIR}/${FRAMEWORKS_FOLDER_PATH}/TSMiniWebBrowser.framework",
			);
			runOnlyForDeploymentPostprocessing = 0;
			shellPath = /bin/sh;
			shellScript = "\"${SRCROOT}/Pods/Target Support Files/Pods-Cocoapods/Pods-Cocoapods-frameworks.sh\"\n";
			showEnvVarsInLog = 0;
		};
		384E5343E06B5D62EC8D91AD /* [CP] Check Pods Manifest.lock */ = {
			isa = PBXShellScriptBuildPhase;
			buildActionMask = 2147483647;
			files = (
			);
			inputPaths = (
				"${PODS_PODFILE_DIR_PATH}/Podfile.lock",
				"${PODS_ROOT}/Manifest.lock",
			);
			name = "[CP] Check Pods Manifest.lock";
			outputPaths = (
				"$(DERIVED_FILE_DIR)/Pods-Cocoapods-checkManifestLockResult.txt",
			);
			runOnlyForDeploymentPostprocessing = 0;
			shellPath = /bin/sh;
			shellScript = "diff \"${PODS_PODFILE_DIR_PATH}/Podfile.lock\" \"${PODS_ROOT}/Manifest.lock\" > /dev/null\nif [ $? != 0 ] ; then\n    # print error to STDERR\n    echo \"error: The sandbox is not in sync with the Podfile.lock. Run 'pod install' or update your CocoaPods installation.\" >&2\n    exit 1\nfi\n# This output is used by Xcode 'outputs' to avoid re-running this script phase.\necho \"SUCCESS\" > \"${SCRIPT_OUTPUT_FILE_0}\"\n";
			showEnvVarsInLog = 0;
		};
		979CD6EEEAE6B1E58A69D34D /* [CP] Copy Pods Resources */ = {
			isa = PBXShellScriptBuildPhase;
			buildActionMask = 2147483647;
			files = (
			);
			inputPaths = (
			);
			name = "[CP] Copy Pods Resources";
			outputPaths = (
			);
			runOnlyForDeploymentPostprocessing = 0;
			shellPath = /bin/sh;
			shellScript = "\"${SRCROOT}/Pods/Target Support Files/Pods-Cocoapods/Pods-Cocoapods-resources.sh\"\n";
			showEnvVarsInLog = 0;
		};
/* End PBXShellScriptBuildPhase section */

/* Begin PBXSourcesBuildPhase section */
		08A834621F71A31F00899D23 /* Sources */ = {
			isa = PBXSourcesBuildPhase;
			buildActionMask = 2147483647;
			files = (
				08A8346C1F71A32000899D23 /* ViewController.swift in Sources */,
				08A8346A1F71A32000899D23 /* AppDelegate.swift in Sources */,
			);
			runOnlyForDeploymentPostprocessing = 0;
		};
/* End PBXSourcesBuildPhase section */

/* Begin PBXVariantGroup section */
		08A8346D1F71A32000899D23 /* Main.storyboard */ = {
			isa = PBXVariantGroup;
			children = (
				08A8346E1F71A32000899D23 /* Base */,
			);
			name = Main.storyboard;
			sourceTree = "<group>";
		};
		08A834721F71A32000899D23 /* LaunchScreen.storyboard */ = {
			isa = PBXVariantGroup;
			children = (
				08A834731F71A32000899D23 /* Base */,
			);
			name = LaunchScreen.storyboard;
			sourceTree = "<group>";
		};
/* End PBXVariantGroup section */

/* Begin XCBuildConfiguration section */
		08A834761F71A32000899D23 /* Debug */ = {
			isa = XCBuildConfiguration;
			buildSettings = {
				ALWAYS_SEARCH_USER_PATHS = NO;
				CLANG_ANALYZER_NONNULL = YES;
				CLANG_ANALYZER_NUMBER_OBJECT_CONVERSION = YES_AGGRESSIVE;
				CLANG_CXX_LANGUAGE_STANDARD = "gnu++14";
				CLANG_CXX_LIBRARY = "libc++";
				CLANG_ENABLE_MODULES = YES;
				CLANG_ENABLE_OBJC_ARC = YES;
				CLANG_WARN_BLOCK_CAPTURE_AUTORELEASING = YES;
				CLANG_WARN_BOOL_CONVERSION = YES;
				CLANG_WARN_COMMA = YES;
				CLANG_WARN_CONSTANT_CONVERSION = YES;
				CLANG_WARN_DIRECT_OBJC_ISA_USAGE = YES_ERROR;
				CLANG_WARN_DOCUMENTATION_COMMENTS = YES;
				CLANG_WARN_EMPTY_BODY = YES;
				CLANG_WARN_ENUM_CONVERSION = YES;
				CLANG_WARN_INFINITE_RECURSION = YES;
				CLANG_WARN_INT_CONVERSION = YES;
				CLANG_WARN_NON_LITERAL_NULL_CONVERSION = YES;
				CLANG_WARN_OBJC_LITERAL_CONVERSION = YES;
				CLANG_WARN_OBJC_ROOT_CLASS = YES_ERROR;
				CLANG_WARN_RANGE_LOOP_ANALYSIS = YES;
				CLANG_WARN_STRICT_PROTOTYPES = YES;
				CLANG_WARN_SUSPICIOUS_MOVE = YES;
				CLANG_WARN_UNGUARDED_AVAILABILITY = YES_AGGRESSIVE;
				CLANG_WARN_UNREACHABLE_CODE = YES;
				CLANG_WARN__DUPLICATE_METHOD_MATCH = YES;
				CODE_SIGN_IDENTITY = "iPhone Developer";
				COPY_PHASE_STRIP = NO;
				DEBUG_INFORMATION_FORMAT = dwarf;
				ENABLE_STRICT_OBJC_MSGSEND = YES;
				ENABLE_TESTABILITY = YES;
				GCC_C_LANGUAGE_STANDARD = gnu11;
				GCC_DYNAMIC_NO_PIC = NO;
				GCC_NO_COMMON_BLOCKS = YES;
				GCC_OPTIMIZATION_LEVEL = 0;
				GCC_PREPROCESSOR_DEFINITIONS = (
					"DEBUG=1",
					"$(inherited)",
				);
				GCC_WARN_64_TO_32_BIT_CONVERSION = YES;
				GCC_WARN_ABOUT_RETURN_TYPE = YES_ERROR;
				GCC_WARN_UNDECLARED_SELECTOR = YES;
				GCC_WARN_UNINITIALIZED_AUTOS = YES_AGGRESSIVE;
				GCC_WARN_UNUSED_FUNCTION = YES;
				GCC_WARN_UNUSED_VARIABLE = YES;
				IPHONEOS_DEPLOYMENT_TARGET = 11.0;
				MTL_ENABLE_DEBUG_INFO = YES;
				ONLY_ACTIVE_ARCH = YES;
				SDKROOT = iphoneos;
				SWIFT_ACTIVE_COMPILATION_CONDITIONS = DEBUG;
				SWIFT_OPTIMIZATION_LEVEL = "-Onone";
			};
			name = Debug;
		};
		08A834771F71A32000899D23 /* Release */ = {
			isa = XCBuildConfiguration;
			buildSettings = {
				ALWAYS_SEARCH_USER_PATHS = NO;
				CLANG_ANALYZER_NONNULL = YES;
				CLANG_ANALYZER_NUMBER_OBJECT_CONVERSION = YES_AGGRESSIVE;
				CLANG_CXX_LANGUAGE_STANDARD = "gnu++14";
				CLANG_CXX_LIBRARY = "libc++";
				CLANG_ENABLE_MODULES = YES;
				CLANG_ENABLE_OBJC_ARC = YES;
				CLANG_WARN_BLOCK_CAPTURE_AUTORELEASING = YES;
				CLANG_WARN_BOOL_CONVERSION = YES;
				CLANG_WARN_COMMA = YES;
				CLANG_WARN_CONSTANT_CONVERSION = YES;
				CLANG_WARN_DIRECT_OBJC_ISA_USAGE = YES_ERROR;
				CLANG_WARN_DOCUMENTATION_COMMENTS = YES;
				CLANG_WARN_EMPTY_BODY = YES;
				CLANG_WARN_ENUM_CONVERSION = YES;
				CLANG_WARN_INFINITE_RECURSION = YES;
				CLANG_WARN_INT_CONVERSION = YES;
				CLANG_WARN_NON_LITERAL_NULL_CONVERSION = YES;
				CLANG_WARN_OBJC_LITERAL_CONVERSION = YES;
				CLANG_WARN_OBJC_ROOT_CLASS = YES_ERROR;
				CLANG_WARN_RANGE_LOOP_ANALYSIS = YES;
				CLANG_WARN_STRICT_PROTOTYPES = YES;
				CLANG_WARN_SUSPICIOUS_MOVE = YES;
				CLANG_WARN_UNGUARDED_AVAILABILITY = YES_AGGRESSIVE;
				CLANG_WARN_UNREACHABLE_CODE = YES;
				CLANG_WARN__DUPLICATE_METHOD_MATCH = YES;
				CODE_SIGN_IDENTITY = "iPhone Developer";
				COPY_PHASE_STRIP = NO;
				DEBUG_INFORMATION_FORMAT = "dwarf-with-dsym";
				ENABLE_NS_ASSERTIONS = NO;
				ENABLE_STRICT_OBJC_MSGSEND = YES;
				GCC_C_LANGUAGE_STANDARD = gnu11;
				GCC_NO_COMMON_BLOCKS = YES;
				GCC_WARN_64_TO_32_BIT_CONVERSION = YES;
				GCC_WARN_ABOUT_RETURN_TYPE = YES_ERROR;
				GCC_WARN_UNDECLARED_SELECTOR = YES;
				GCC_WARN_UNINITIALIZED_AUTOS = YES_AGGRESSIVE;
				GCC_WARN_UNUSED_FUNCTION = YES;
				GCC_WARN_UNUSED_VARIABLE = YES;
				IPHONEOS_DEPLOYMENT_TARGET = 11.0;
				MTL_ENABLE_DEBUG_INFO = NO;
				SDKROOT = iphoneos;
				SWIFT_OPTIMIZATION_LEVEL = "-Owholemodule";
				VALIDATE_PRODUCT = YES;
			};
			name = Release;
		};
		08A834791F71A32000899D23 /* Debug */ = {
			isa = XCBuildConfiguration;
			baseConfigurationReference = 4925C68755094145CE4AEB7B /* Pods-Cocoapods.debug.xcconfig */;
			buildSettings = {
				ASSETCATALOG_COMPILER_APPICON_NAME = AppIcon;
				CODE_SIGN_STYLE = Automatic;
				DEVELOPMENT_TEAM = M9L3SZ4ZVY;
				INFOPLIST_FILE = Cocoapods/Info.plist;
				LD_RUNPATH_SEARCH_PATHS = "$(inherited) @executable_path/Frameworks";
				PRODUCT_BUNDLE_IDENTIFIER = org.dyndns.fritzli.Cocoapods;
				PRODUCT_NAME = "$(TARGET_NAME)";
				SWIFT_VERSION = 4.0;
				TARGETED_DEVICE_FAMILY = "1,2";
			};
			name = Debug;
		};
		08A8347A1F71A32000899D23 /* Release */ = {
			isa = XCBuildConfiguration;
			baseConfigurationReference = 5118D2774D67CC9432C8AF2C /* Pods-Cocoapods.release.xcconfig */;
			buildSettings = {
				ASSETCATALOG_COMPILER_APPICON_NAME = AppIcon;
				CODE_SIGN_STYLE = Automatic;
				DEVELOPMENT_TEAM = M9L3SZ4ZVY;
				INFOPLIST_FILE = Cocoapods/Info.plist;
				LD_RUNPATH_SEARCH_PATHS = "$(inherited) @executable_path/Frameworks";
				PRODUCT_BUNDLE_IDENTIFIER = org.dyndns.fritzli.Cocoapods;
				PRODUCT_NAME = "$(TARGET_NAME)";
				SWIFT_VERSION = 4.0;
				TARGETED_DEVICE_FAMILY = "1,2";
			};
			name = Release;
		};
/* End XCBuildConfiguration section */

/* Begin XCConfigurationList section */
		08A834611F71A31F00899D23 /* Build configuration list for PBXProject "Cocoapods" */ = {
			isa = XCConfigurationList;
			buildConfigurations = (
				08A834761F71A32000899D23 /* Debug */,
				08A834771F71A32000899D23 /* Release */,
			);
			defaultConfigurationIsVisible = 0;
			defaultConfigurationName = Release;
		};
		08A834781F71A32000899D23 /* Build configuration list for PBXNativeTarget "Cocoapods" */ = {
			isa = XCConfigurationList;
			buildConfigurations = (
				08A834791F71A32000899D23 /* Debug */,
				08A8347A1F71A32000899D23 /* Release */,
			);
			defaultConfigurationIsVisible = 0;
			defaultConfigurationName = Release;
		};
/* End XCConfigurationList section */
	};
	rootObject = 08A8345E1F71A31F00899D23 /* Project object */;
}
